
Microsoft Visual Studio Solution File, Format Version 12.00
# Visual Studio Version 17
VisualStudioVersion = 17.10.34928.147
MinimumVisualStudioVersion = 10.0.40219.1
Project("{FAE04EC0-301F-11D3-BF4B-00C04F79EFBC}") = "TodoAppServer", "TodoAppServer\TodoAppServer.csproj", "{FFE95D82-F3B3-41C2-A642-4213CF09C185}"
EndProject
Global
	GlobalSection(SolutionConfigurationPlatforms) = preSolution
		Debug|Any CPU = Debug|Any CPU
		Release|Any CPU = Release|Any CPU
	EndGlobalSection
	GlobalSection(ProjectConfigurationPlatforms) = postSolution
		{FFE95D82-F3B3-41C2-A642-4213CF09C185}.Debug|Any CPU.ActiveCfg = Debug|Any CPU
		{FFE95D82-F3B3-41C2-A642-4213CF09C185}.Debug|Any CPU.Build.0 = Debug|Any CPU
		{FFE95D82-F3B3-41C2-A642-4213CF09C185}.Release|Any CPU.ActiveCfg = Release|Any CPU
		{FFE95D82-F3B3-41C2-A642-4213CF09C185}.Release|Any CPU.Build.0 = Release|Any CPU
	EndGlobalSection
	GlobalSection(SolutionProperties) = preSolution
		HideSolutionNode = FALSE
	EndGlobalSection
	GlobalSection(ExtensibilityGlobals) = postSolution
		SolutionGuid = {C3462ED3-55D1-4856-B96F-6EF0B05EACAD}
	EndGlobalSection
EndGlobal
